
Microsoft Visual Studio Solution File, Format Version 12.00
# Visual Studio Version 17
VisualStudioVersion = 17.5.002.0
MinimumVisualStudioVersion = 10.0.40219.1
Project("{9A19103F-16F7-4668-BE54-9A1E7A4F7556}") = "CustomerService", "CustomerService\CustomerService.csproj", "{24D9CC80-AE58-4E7E-9408-1F95385FA0CB}"
EndProject
Project("{9A19103F-16F7-4668-BE54-9A1E7A4F7556}") = "CustomerSimulatorApp", "CustomerSimulatorApp\CustomerSimulatorApp.csproj", "{2965BD2C-EC11-41A8-B1EC-EAF76F22CFB0}"
EndProject
Global
	GlobalSection(SolutionConfigurationPlatforms) = preSolution
		Debug|Any CPU = Debug|Any CPU
		Release|Any CPU = Release|Any CPU
	EndGlobalSection
	GlobalSection(ProjectConfigurationPlatforms) = postSolution
		{24D9CC80-AE58-4E7E-9408-1F95385FA0CB}.Debug|Any CPU.ActiveCfg = Debug|Any CPU
		{24D9CC80-AE58-4E7E-9408-1F95385FA0CB}.Debug|Any CPU.Build.0 = Debug|Any CPU
		{24D9CC80-AE58-4E7E-9408-1F95385FA0CB}.Release|Any CPU.ActiveCfg = Release|Any CPU
		{24D9CC80-AE58-4E7E-9408-1F95385FA0CB}.Release|Any CPU.Build.0 = Release|Any CPU
		{2965BD2C-EC11-41A8-B1EC-EAF76F22CFB0}.Debug|Any CPU.ActiveCfg = Debug|Any CPU
		{2965BD2C-EC11-41A8-B1EC-EAF76F22CFB0}.Debug|Any CPU.Build.0 = Debug|Any CPU
		{2965BD2C-EC11-41A8-B1EC-EAF76F22CFB0}.Release|Any CPU.ActiveCfg = Release|Any CPU
		{2965BD2C-EC11-41A8-B1EC-EAF76F22CFB0}.Release|Any CPU.Build.0 = Release|Any CPU
	EndGlobalSection
	GlobalSection(SolutionProperties) = preSolution
		HideSolutionNode = FALSE
	EndGlobalSection
	GlobalSection(ExtensibilityGlobals) = postSolution
		SolutionGuid = {9A3B0D06-2E02-4E07-85D5-9C9928906468}
	EndGlobalSection
EndGlobal
